// !$*UTF8*$!
{
	archiveVersion = 1;
	classes = {
	};
	objectVersion = 77;
	objects = {

/* Begin PBXBuildFile section */
		E1F008A8301F1A2E00B999F6 /* FirebaseAnalytics in Frameworks */ = {isa = PBXBuildFile; productRef = E1F008A7301F1A2E00B999F6 /* FirebaseAnalytics */; };
		E1F008AA301F1A2E00B999F6 /* FirebaseAnalyticsCore in Frameworks */ = {isa = PBXBuildFile; productRef = E1F008A9301F1A2E00B999F6 /* FirebaseAnalyticsCore */; };
		E1F008AC301F1A2E00B999F6 /* FirebaseAnalyticsIdentitySupport in Frameworks */ = {isa = PBXBuildFile; productRef = E1F008AB301F1A2E00B999F6 /* FirebaseAnalyticsIdentitySupport */; };
		E1F008AE301F1A2E00B999F6 /* FirebaseAuth in Frameworks */ = {isa = PBXBuildFile; productRef = E1F008AD301F1A2E00B999F6 /* FirebaseAuth */; };
		E1F008B0301F1A2E00B999F6 /* FirebaseAuthCombine-Community in Frameworks */ = {isa = PBXBuildFile; productRef = E1F008AF301F1A2E00B999F6 /* FirebaseAuthCombine-Community */; };
		E1F008B2301F1A2E00B999F6 /* FirebaseCore in Frameworks */ = {isa = PBXBuildFile; productRef = E1F008B1301F1A2E00B999F6 /* FirebaseCore */; };
		E1F008B4301F1A2E00B999F6 /* FirebaseDatabase in Frameworks */ = {isa = PBXBuildFile; productRef = E1F008B3301F1A2E00B999F6 /* FirebaseDatabase */; };
		E1F008B6301F1A2E00B999F6 /* FirebaseFirestore in Frameworks */ = {isa = PBXBuildFile; productRef = E1F008B5301F1A2E00B999F6 /* FirebaseFirestore */; };
		E1F008B8301F1A2E00B999F6 /* FirebaseFirestoreCombine-Community in Frameworks */ = {isa = PBXBuildFile; productRef = E1F008B7301F1A2E00B999F6 /* FirebaseFirestoreCombine-Community */; };
		E1F008BA301F1A2E00B999F6 /* FirebaseFunctions in Frameworks */ = {isa = PBXBuildFile; productRef = E1F008B9301F1A2E00B999F6 /* FirebaseFunctions */; };
		E1F008BC301F1A2E00B999F6 /* FirebaseFunctionsCombine-Community in Frameworks */ = {isa = PBXBuildFile; productRef = E1F008BB301F1A2E00B999F6 /* FirebaseFunctionsCombine-Community */; };
		E1F008BE301F1A2E00B999F6 /* FirebaseInAppMessaging-Beta in Frameworks */ = {isa = PBXBuildFile; productRef = E1F008BD301F1A2E00B999F6 /* FirebaseInAppMessaging-Beta */; };
		E1F008C0301F1A2E00B999F6 /* FirebaseStorage in Frameworks */ = {isa = PBXBuildFile; productRef = E1F008BF301F1A2E00B999F6 /* FirebaseStorage */; };
		E1F008C2301F1A2E00B999F6 /* FirebaseStorageCombine-Community in Frameworks */ = {isa = PBXBuildFile; productRef = E1F008C1301F1A2E00B999F6 /* FirebaseStorageCombine-Community */; };
		E1F008C4301F1A2E00B999F6 /* FirebaseMessaging in Frameworks */ = {isa = PBXBuildFile; productRef = E1F008C3301F1A2E00B999F6 /* FirebaseMessaging */; };
/* End PBXBuildFile section */

/* Begin PBXFileReference section */
		E1F00893301F190800B999F6 /* erassvet.app */ = {isa = PBXFileReference; explicitFileType = wrapper.application; includeInIndex = 0; path = erassvet.app; sourceTree = BUILT_PRODUCTS_DIR; };
/* End PBXFileReference section */

/* Begin PBXFileSystemSynchronizedRootGroup section */
		E1F00895301F190800B999F6 /* erassvet */ = {
			isa = PBXFileSystemSynchronizedRootGroup;
			path = erassvet;
			sourceTree = "<group>";
		};
/* End PBXFileSystemSynchronizedRootGroup section */

/* Begin PBXFrameworksBuildPhase section */
		E1F00890301F190800B999F6 /* Frameworks */ = {
			isa = PBXFrameworksBuildPhase;
			buildActionMask = 2147483647;
			files = (
				E1F008A8301F1A2E00B999F6 /* FirebaseAnalytics in Frameworks */,
				E1F008AA301F1A2E00B999F6 /* FirebaseAnalyticsCore in Frameworks */,
				E1F008AC301F1A2E00B999F6 /* FirebaseAnalyticsIdentitySupport in Frameworks */,
				E1F008B8301F1A2E00B999F6 /* FirebaseFirestoreCombine-Community in Frameworks */,
				E1F008AE301F1A2E00B999F6 /* FirebaseAuth in Frameworks */,
				E1F008B2301F1A2E00B999F6 /* FirebaseCore in Frameworks */,
				E1F008B6301F1A2E00B999F6 /* FirebaseFirestore in Frameworks */,
				E1F008BA301F1A2E00B999F6 /* FirebaseFunctions in Frameworks */,
				E1F008C2301F1A2E00B999F6 /* FirebaseStorageCombine-Community in Frameworks */,
				E1F008C0301F1A2E00B999F6 /* FirebaseStorage in Frameworks */,
				E1F008B4301F1A2E00B999F6 /* FirebaseDatabase in Frameworks */,
				E1F008BC301F1A2E00B999F6 /* FirebaseFunctionsCombine-Community in Frameworks */,
				E1F008B0301F1A2E00B999F6 /* FirebaseAuthCombine-Community in Frameworks */,
				E1F008BE301F1A2E00B999F6 /* FirebaseInAppMessaging-Beta in Frameworks */,
				E1F008C4301F1A2E00B999F6 /* FirebaseMessaging in Frameworks */,
			);
			runOnlyForDeploymentPostprocessing = 0;
		};
/* End PBXFrameworksBuildPhase section */

/* Begin PBXGroup section */
		E1F0088A301F190800B999F6 = {
			isa = PBXGroup;
			children = (
				E1F00895301F190800B999F6 /* erassvet */,
				E1F00894301F190800B999F6 /* Products */,
			);
			sourceTree = "<group>";
		};
		E1F00894301F190800B999F6 /* Products */ = {
			isa = PBXGroup;
			children = (
				E1F00893301F190800B999F6 /* erassvet.app */,
			);
			name = Products;
			sourceTree = "<group>";
		};
/* End PBXGroup section */

/* Begin PBXNativeTarget section */
		E1F00892301F190800B999F6 /* erassvet */ = {
			isa = PBXNativeTarget;
			buildConfigurationList = E1F008A3301F190900B999F6 /* Build configuration list for PBXNativeTarget "erassvet" */;
			buildPhases = (
				E1F0088F301F190800B999F6 /* Sources */,
				E1F00890301F190800B999F6 /* Frameworks */,
				E1F00891301F190800B999F6 /* Resources */,
			);
			buildRules = (
			);
			dependencies = (
			);
			fileSystemSynchronizedGroups = (
				E1F00895301F190800B999F6 /* erassvet */,
			);
			name = erassvet;
			packageProductDependencies = (
				E1F008A7301F1A2E00B999F6 /* FirebaseAnalytics */,
				E1F008A9301F1A2E00B999F6 /* FirebaseAnalyticsCore */,
				E1F008AB301F1A2E00B999F6 /* FirebaseAnalyticsIdentitySupport */,
				E1F008AD301F1A2E00B999F6 /* FirebaseAuth */,
				E1F008AF301F1A2E00B999F6 /* FirebaseAuthCombine-Community */,
				E1F008B1301F1A2E00B999F6 /* FirebaseCore */,
				E1F008B3301F1A2E00B999F6 /* FirebaseDatabase */,
				E1F008B5301F1A2E00B999F6 /* FirebaseFirestore */,
				E1F008B7301F1A2E00B999F6 /* FirebaseFirestoreCombine-Community */,
				E1F008B9301F1A2E00B999F6 /* FirebaseFunctions */,
				E1F008BB301F1A2E00B999F6 /* FirebaseFunctionsCombine-Community */,
				E1F008BD301F1A2E00B999F6 /* FirebaseInAppMessaging-Beta */,
				E1F008BF301F1A2E00B999F6 /* FirebaseStorage */,
				E1F008C1301F1A2E00B999F6 /* FirebaseStorageCombine-Community */,
				E1F008C3301F1A2E00B999F6 /* FirebaseMessaging */,
			);
			productName = erassvet;
			productReference = E1F00893301F190800B999F6 /* erassvet.app */;
			productType = "com.apple.product-type.application";
		};
/* End PBXNativeTarget section */

/* Begin PBXProject section */
		E1F0088B301F190800B999F6 /* Project object */ = {
			isa = PBXProject;
			attributes = {
				BuildIndependentTargetsInParallel = 1;
				LastSwiftUpdateCheck = 2610;
				LastUpgradeCheck = 2610;
				TargetAttributes = {
					E1F00892301F190800B999F6 = {
						CreatedOnToolsVersion = 26.1.1;
					};
				};
			};
			buildConfigurationList = E1F0088E301F190800B999F6 /* Build configuration list for PBXProject "erassvet" */;
			developmentRegion = en;
			hasScannedForEncodings = 0;
			knownRegions = (
				en,
				Base,
			);
			mainGroup = E1F0088A301F190800B999F6;
			minimizedProjectReferenceProxies = 1;
			packageReferences = (
				E1F008A6301F1A2E00B999F6 /* XCRemoteSwiftPackageReference "firebase-ios-sdk" */,
			);
			preferredProjectObjectVersion = 77;
			productRefGroup = E1F00894301F190800B999F6 /* Products */;
			projectDirPath = "";
			projectRoot = "";
			targets = (
				E1F00892301F190800B999F6 /* erassvet */,
			);
		};
/* End PBXProject section */

/* Begin PBXResourcesBuildPhase section */
		E1F00891301F190800B999F6 /* Resources */ = {
			isa = PBXResourcesBuildPhase;
			buildActionMask = 2147483647;
			files = (
			);
			runOnlyForDeploymentPostprocessing = 0;
		};
/* End PBXResourcesBuildPhase section */

/* Begin PBXSourcesBuildPhase section */
		E1F0088F301F190800B999F6 /* Sources */ = {
			isa = PBXSourcesBuildPhase;
			buildActionMask = 2147483647;
			files = (
			);
			runOnlyForDeploymentPostprocessing = 0;
		};
/* End PBXSourcesBuildPhase section */

/* Begin XCBuildConfiguration section */
		E1F008A1301F190900B999F6 /* Debug */ = {
			isa = XCBuildConfiguration;
			buildSettings = {
				ALWAYS_SEARCH_USER_PATHS = NO;
				ASSETCATALOG_COMPILER_GENERATE_SWIFT_ASSET_SYMBOL_EXTENSIONS = YES;
				CLANG_ANALYZER_NONNULL = YES;
				CLANG_ANALYZER_NUMBER_OBJECT_CONVERSION = YES_AGGRESSIVE;
				CLANG_CXX_LANGUAGE_STANDARD = "gnu++20";
				CLANG_ENABLE_MODULES = YES;
				CLANG_ENABLE_OBJC_ARC = YES;
				CLANG_ENABLE_OBJC_WEAK = YES;
				CLANG_WARN_BLOCK_CAPTURE_AUTORELEASING = YES;
				CLANG_WARN_BOOL_CONVERSION = YES;
				CLANG_WARN_COMMA = YES;
				CLANG_WARN_CONSTANT_CONVERSION = YES;
				CLANG_WARN_DEPRECATED_OBJC_IMPLEMENTATIONS = YES;
				CLANG_WARN_DIRECT_OBJC_ISA_USAGE = YES_ERROR;
				CLANG_WARN_DOCUMENTATION_COMMENTS = YES;
				CLANG_WARN_EMPTY_BODY = YES;
				CLANG_WARN_ENUM_CONVERSION = YES;
				CLANG_WARN_INFINITE_RECURSION = YES;
				CLANG_WARN_INT_CONVERSION = YES;
				CLANG_WARN_NON_LITERAL_NULL_CONVERSION = YES;
				CLANG_WARN_OBJC_IMPLICIT_RETAIN_SELF = YES;
				CLANG_WARN_OBJC_LITERAL_CONVERSION = YES;
				CLANG_WARN_OBJC_ROOT_CLASS = YES_ERROR;
				CLANG_WARN_QUOTED_INCLUDE_IN_FRAMEWORK_HEADER = YES;
				CLANG_WARN_RANGE_LOOP_ANALYSIS = YES;
				CLANG_WARN_STRICT_PROTOTYPES = YES;
				CLANG_WARN_SUSPICIOUS_MOVE = YES;
				CLANG_WARN_UNGUARDED_AVAILABILITY = YES_AGGRESSIVE;
				CLANG_WARN_UNREACHABLE_CODE = YES;
				CLANG_WARN__DUPLICATE_METHOD_MATCH = YES;
				COPY_PHASE_STRIP = NO;
				DEBUG_INFORMATION_FORMAT = dwarf;
				DEVELOPMENT_TEAM = PZD4Y7DU3Q;
				ENABLE_STRICT_OBJC_MSGSEND = YES;
				ENABLE_TESTABILITY = YES;
				ENABLE_USER_SCRIPT_SANDBOXING = YES;
				GCC_C_LANGUAGE_STANDARD = gnu17;
				GCC_DYNAMIC_NO_PIC = NO;
				GCC_NO_COMMON_BLOCKS = YES;
				GCC_OPTIMIZATION_LEVEL = 0;
				GCC_PREPROCESSOR_DEFINITIONS = (
					"DEBUG=1",
					"$(inherited)",
				);
				GCC_WARN_64_TO_32_BIT_CONVERSION = YES;
				GCC_WARN_ABOUT_RETURN_TYPE = YES_ERROR;
				GCC_WARN_UNDECLARED_SELECTOR = YES;
				GCC_WARN_UNINITIALIZED_AUTOS = YES_AGGRESSIVE;
				GCC_WARN_UNUSED_FUNCTION = YES;
				GCC_WARN_UNUSED_VARIABLE = YES;
				IPHONEOS_DEPLOYMENT_TARGET = 26.1;
				LOCALIZATION_PREFERS_STRING_CATALOGS = YES;
				MTL_ENABLE_DEBUG_INFO = INCLUDE_SOURCE;
				MTL_FAST_MATH = YES;
				ONLY_ACTIVE_ARCH = YES;
				SDKROOT = iphoneos;
				SWIFT_ACTIVE_COMPILATION_CONDITIONS = "DEBUG $(inherited)";
				SWIFT_OPTIMIZATION_LEVEL = "-Onone";
			};
			name = Debug;
		};
		E1F008A2301F190900B999F6 /* Release */ = {
			isa = XCBuildConfiguration;
			buildSettings = {
				ALWAYS_SEARCH_USER_PATHS = NO;
				ASSETCATALOG_COMPILER_GENERATE_SWIFT_ASSET_SYMBOL_EXTENSIONS = YES;
				CLANG_ANALYZER_NONNULL = YES;
				CLANG_ANALYZER_NUMBER_OBJECT_CONVERSION = YES_AGGRESSIVE;
				CLANG_CXX_LANGUAGE_STANDARD = "gnu++20";
				CLANG_ENABLE_MODULES = YES;
				CLANG_ENABLE_OBJC_ARC = YES;
				CLANG_ENABLE_OBJC_WEAK = YES;
				CLANG_WARN_BLOCK_CAPTURE_AUTORELEASING = YES;
				CLANG_WARN_BOOL_CONVERSION = YES;
				CLANG_WARN_COMMA = YES;
				CLANG_WARN_CONSTANT_CONVERSION = YES;
				CLANG_WARN_DEPRECATED_OBJC_IMPLEMENTATIONS = YES;
				CLANG_WARN_DIRECT_OBJC_ISA_USAGE = YES_ERROR;
				CLANG_WARN_DOCUMENTATION_COMMENTS = YES;
				CLANG_WARN_EMPTY_BODY = YES;
				CLANG_WARN_ENUM_CONVERSION = YES;
				CLANG_WARN_INFINITE_RECURSION = YES;
				CLANG_WARN_INT_CONVERSION = YES;
				CLANG_WARN_NON_LITERAL_NULL_CONVERSION = YES;
				CLANG_WARN_OBJC_IMPLICIT_RETAIN_SELF = YES;
				CLANG_WARN_OBJC_LITERAL_CONVERSION = YES;
				CLANG_WARN_OBJC_ROOT_CLASS = YES_ERROR;
				CLANG_WARN_QUOTED_INCLUDE_IN_FRAMEWORK_HEADER = YES;
				CLANG_WARN_RANGE_LOOP_ANALYSIS = YES;
				CLANG_WARN_STRICT_PROTOTYPES = YES;
				CLANG_WARN_SUSPICIOUS_MOVE = YES;
				CLANG_WARN_UNGUARDED_AVAILABILITY = YES_AGGRESSIVE;
				CLANG_WARN_UNREACHABLE_CODE = YES;
				CLANG_WARN__DUPLICATE_METHOD_MATCH = YES;
				COPY_PHASE_STRIP = NO;
				DEBUG_INFORMATION_FORMAT = "dwarf-with-dsym";
				DEVELOPMENT_TEAM = PZD4Y7DU3Q;
				ENABLE_NS_ASSERTIONS = NO;
				ENABLE_STRICT_OBJC_MSGSEND = YES;
				ENABLE_USER_SCRIPT_SANDBOXING = YES;
				GCC_C_LANGUAGE_STANDARD = gnu17;
				GCC_NO_COMMON_BLOCKS = YES;
				GCC_WARN_64_TO_32_BIT_CONVERSION = YES;
				GCC_WARN_ABOUT_RETURN_TYPE = YES_ERROR;
				GCC_WARN_UNDECLARED_SELECTOR = YES;
				GCC_WARN_UNINITIALIZED_AUTOS = YES_AGGRESSIVE;
				GCC_WARN_UNUSED_FUNCTION = YES;
				GCC_WARN_UNUSED_VARIABLE = YES;
				IPHONEOS_DEPLOYMENT_TARGET = 26.1;
				LOCALIZATION_PREFERS_STRING_CATALOGS = YES;
				MTL_ENABLE_DEBUG_INFO = NO;
				MTL_FAST_MATH = YES;
				SDKROOT = iphoneos;
				SWIFT_COMPILATION_MODE = wholemodule;
				VALIDATE_PRODUCT = YES;
			};
			name = Release;
		};
		E1F008A4301F190900B999F6 /* Debug */ = {
			isa = XCBuildConfiguration;
			buildSettings = {
				ASSETCATALOG_COMPILER_APPICON_NAME = AppIcon;
				ASSETCATALOG_COMPILER_GLOBAL_ACCENT_COLOR_NAME = AccentColor;
				CODE_SIGN_ENTITLEMENTS = erassvet/erassvet.entitlements;
				CODE_SIGN_STYLE = Automatic;
				CURRENT_PROJECT_VERSION = 1;
				DEVELOPMENT_TEAM = PZD4Y7DU3Q;
				ENABLE_PREVIEWS = YES;
				GENERATE_INFOPLIST_FILE = YES;
				INFOPLIST_KEY_UIApplicationSceneManifest_Generation = YES;
				INFOPLIST_KEY_UIApplicationSupportsIndirectInputEvents = YES;
				INFOPLIST_KEY_UIBackgroundModes = "remote-notification";
				INFOPLIST_KEY_UILaunchScreen_Generation = YES;
				INFOPLIST_KEY_UISupportedInterfaceOrientations_iPad = "UIInterfaceOrientationPortrait UIInterfaceOrientationPortraitUpsideDown UIInterfaceOrientationLandscapeLeft UIInterfaceOrientationLandscapeRight";
				INFOPLIST_KEY_UISupportedInterfaceOrientations_iPhone = "UIInterfaceOrientationPortrait UIInterfaceOrientationLandscapeLeft UIInterfaceOrientationLandscapeRight";
				LD_RUNPATH_SEARCH_PATHS = (
					"$(inherited)",
					"@executable_path/Frameworks",
				);
				MARKETING_VERSION = 1.0;
				PRODUCT_BUNDLE_IDENTIFIER = khomutanskiy.com.erassvet;
				PRODUCT_NAME = "$(TARGET_NAME)";
				STRING_CATALOG_GENERATE_SYMBOLS = YES;
				SWIFT_APPROACHABLE_CONCURRENCY = YES;
				SWIFT_DEFAULT_ACTOR_ISOLATION = MainActor;
				SWIFT_EMIT_LOC_STRINGS = YES;
				SWIFT_UPCOMING_FEATURE_MEMBER_IMPORT_VISIBILITY = YES;
				SWIFT_VERSION = 5.0;
				TARGETED_DEVICE_FAMILY = "1,2";
			};
			name = Debug;
		};
		E1F008A5301F190900B999F6 /* Release */ = {
			isa = XCBuildConfiguration;
			buildSettings = {
				ASSETCATALOG_COMPILER_APPICON_NAME = AppIcon;
				ASSETCATALOG_COMPILER_GLOBAL_ACCENT_COLOR_NAME = AccentColor;
				CODE_SIGN_ENTITLEMENTS = erassvet/erassvet.entitlements;
				CODE_SIGN_STYLE = Automatic;
				CURRENT_PROJECT_VERSION = 1;
				DEVELOPMENT_TEAM = PZD4Y7DU3Q;
				ENABLE_PREVIEWS = YES;
				GENERATE_INFOPLIST_FILE = YES;
				INFOPLIST_KEY_UIApplicationSceneManifest_Generation = YES;
				INFOPLIST_KEY_UIApplicationSupportsIndirectInputEvents = YES;
				INFOPLIST_KEY_UIBackgroundModes = "remote-notification";
				INFOPLIST_KEY_UILaunchScreen_Generation = YES;
				INFOPLIST_KEY_UISupportedInterfaceOrientations_iPad = "UIInterfaceOrientationPortrait UIInterfaceOrientationPortraitUpsideDown UIInterfaceOrientationLandscapeLeft UIInterfaceOrientationLandscapeRight";
				INFOPLIST_KEY_UISupportedInterfaceOrientations_iPhone = "UIInterfaceOrientationPortrait UIInterfaceOrientationLandscapeLeft UIInterfaceOrientationLandscapeRight";
				LD_RUNPATH_SEARCH_PATHS = (
					"$(inherited)",
					"@executable_path/Frameworks",
				);
				MARKETING_VERSION = 1.0;
				PRODUCT_BUNDLE_IDENTIFIER = khomutanskiy.com.erassvet;
				PRODUCT_NAME = "$(TARGET_NAME)";
				STRING_CATALOG_GENERATE_SYMBOLS = YES;
				SWIFT_APPROACHABLE_CONCURRENCY = YES;
				SWIFT_DEFAULT_ACTOR_ISOLATION = MainActor;
				SWIFT_EMIT_LOC_STRINGS = YES;
				SWIFT_UPCOMING_FEATURE_MEMBER_IMPORT_VISIBILITY = YES;
				SWIFT_VERSION = 5.0;
				TARGETED_DEVICE_FAMILY = "1,2";
			};
			name = Release;
		};
/* End XCBuildConfiguration section */

/* Begin XCConfigurationList section */
		E1F0088E301F190800B999F6 /* Build configuration list for PBXProject "erassvet" */ = {
			isa = XCConfigurationList;
			buildConfigurations = (
				E1F008A1301F190900B999F6 /* Debug */,
				E1F008A2301F190900B999F6 /* Release */,
			);
			defaultConfigurationIsVisible = 0;
			defaultConfigurationName = Release;
		};
		E1F008A3301F190900B999F6 /* Build configuration list for PBXNativeTarget "erassvet" */ = {
			isa = XCConfigurationList;
			buildConfigurations = (
				E1F008A4301F190900B999F6 /* Debug */,
				E1F008A5301F190900B999F6 /* Release */,
			);
			defaultConfigurationIsVisible = 0;
			defaultConfigurationName = Release;
		};
/* End XCConfigurationList section */

/* Begin XCRemoteSwiftPackageReference section */
		E1F008A6301F1A2E00B999F6 /* XCRemoteSwiftPackageReference "firebase-ios-sdk" */ = {
			isa = XCRemoteSwiftPackageReference;
			repositoryURL = "https://github.com/firebase/firebase-ios-sdk.git";
			requirement = {
				kind = upToNextMajorVersion;
				minimumVersion = 12.17.0;
			};
		};
/* End XCRemoteSwiftPackageReference section */

/* Begin XCSwiftPackageProductDependency section */
		E1F008A7301F1A2E00B999F6 /* FirebaseAnalytics */ = {
			isa = XCSwiftPackageProductDependency;
			package = E1F008A6301F1A2E00B999F6 /* XCRemoteSwiftPackageReference "firebase-ios-sdk" */;
			productName = FirebaseAnalytics;
		};
		E1F008A9301F1A2E00B999F6 /* FirebaseAnalyticsCore */ = {
			isa = XCSwiftPackageProductDependency;
			package = E1F008A6301F1A2E00B999F6 /* XCRemoteSwiftPackageReference "firebase-ios-sdk" */;
			productName = FirebaseAnalyticsCore;
		};
		E1F008AB301F1A2E00B999F6 /* FirebaseAnalyticsIdentitySupport */ = {
			isa = XCSwiftPackageProductDependency;
			package = E1F008A6301F1A2E00B999F6 /* XCRemoteSwiftPackageReference "firebase-ios-sdk" */;
			productName = FirebaseAnalyticsIdentitySupport;
		};
		E1F008AD301F1A2E00B999F6 /* FirebaseAuth */ = {
			isa = XCSwiftPackageProductDependency;
			package = E1F008A6301F1A2E00B999F6 /* XCRemoteSwiftPackageReference "firebase-ios-sdk" */;
			productName = FirebaseAuth;
		};
		E1F008AF301F1A2E00B999F6 /* FirebaseAuthCombine-Community */ = {
			isa = XCSwiftPackageProductDependency;
			package = E1F008A6301F1A2E00B999F6 /* XCRemoteSwiftPackageReference "firebase-ios-sdk" */;
			productName = "FirebaseAuthCombine-Community";
		};
		E1F008B1301F1A2E00B999F6 /* FirebaseCore */ = {
			isa = XCSwiftPackageProductDependency;
			package = E1F008A6301F1A2E00B999F6 /* XCRemoteSwiftPackageReference "firebase-ios-sdk" */;
			productName = FirebaseCore;
		};
		E1F008B3301F1A2E00B999F6 /* FirebaseDatabase */ = {
			isa = XCSwiftPackageProductDependency;
			package = E1F008A6301F1A2E00B999F6 /* XCRemoteSwiftPackageReference "firebase-ios-sdk" */;
			productName = FirebaseDatabase;
		};
		E1F008B5301F1A2E00B999F6 /* FirebaseFirestore */ = {
			isa = XCSwiftPackageProductDependency;
			package = E1F008A6301F1A2E00B999F6 /* XCRemoteSwiftPackageReference "firebase-ios-sdk" */;
			productName = FirebaseFirestore;
		};
		E1F008B7301F1A2E00B999F6 /* FirebaseFirestoreCombine-Community */ = {
			isa = XCSwiftPackageProductDependency;
			package = E1F008A6301F1A2E00B999F6 /* XCRemoteSwiftPackageReference "firebase-ios-sdk" */;
			productName = "FirebaseFirestoreCombine-Community";
		};
		E1F008B9301F1A2E00B999F6 /* FirebaseFunctions */ = {
			isa = XCSwiftPackageProductDependency;
			package = E1F008A6301F1A2E00B999F6 /* XCRemoteSwiftPackageReference "firebase-ios-sdk" */;
			productName = FirebaseFunctions;
		};
		E1F008BB301F1A2E00B999F6 /* FirebaseFunctionsCombine-Community */ = {
			isa = XCSwiftPackageProductDependency;
			package = E1F008A6301F1A2E00B999F6 /* XCRemoteSwiftPackageReference "firebase-ios-sdk" */;
			productName = "FirebaseFunctionsCombine-Community";
		};
		E1F008BD301F1A2E00B999F6 /* FirebaseInAppMessaging-Beta */ = {
			isa = XCSwiftPackageProductDependency;
			package = E1F008A6301F1A2E00B999F6 /* XCRemoteSwiftPackageReference "firebase-ios-sdk" */;
			productName = "FirebaseInAppMessaging-Beta";
		};
		E1F008BF301F1A2E00B999F6 /* FirebaseStorage */ = {
			isa = XCSwiftPackageProductDependency;
			package = E1F008A6301F1A2E00B999F6 /* XCRemoteSwiftPackageReference "firebase-ios-sdk" */;
			productName = FirebaseStorage;
		};
		E1F008C1301F1A2E00B999F6 /* FirebaseStorageCombine-Community */ = {
			isa = XCSwiftPackageProductDependency;
			package = E1F008A6301F1A2E00B999F6 /* XCRemoteSwiftPackageReference "firebase-ios-sdk" */;
			productName = "FirebaseStorageCombine-Community";
		};
		E1F008C3301F1A2E00B999F6 /* FirebaseMessaging */ = {
			isa = XCSwiftPackageProductDependency;
			package = E1F008A6301F1A2E00B999F6 /* XCRemoteSwiftPackageReference "firebase-ios-sdk" */;
			productName = FirebaseMessaging;
		};
/* End XCSwiftPackageProductDependency section */
	};
	rootObject = E1F0088B301F190800B999F6 /* Project object */;
}
